// !$*UTF8*$!
{
	archiveVersion = 1;
	classes = {
	};
	objectVersion = 46;
	objects = {

/* Begin PBXBuildFile section */
		1D60589B0D05DD56006BFB54 /* main.m in Sources */ = {isa = PBXBuildFile; fileRef = 29B97316FDCFA39411CA2CEA /* main.m */; };
		1D60589F0D05DD5A006BFB54 /* Foundation.framework in Frameworks */ = {isa = PBXBuildFile; fileRef = 1D30AB110D05D00D00671497 /* Foundation.framework */; };
		1DF5F4E00D08C38300B7A737 /* UIKit.framework in Frameworks */ = {isa = PBXBuildFile; fileRef = 1DF5F4DF0D08C38300B7A737 /* UIKit.framework */; };
		280420C1108EA07E000629CD /* CoreData.framework in Frameworks */ = {isa = PBXBuildFile; fileRef = 280420C0108EA07E000629CD /* CoreData.framework */; };
		2892E4100DC94CBA00A64D0F /* CoreGraphics.framework in Frameworks */ = {isa = PBXBuildFile; fileRef = 2892E40F0DC94CBA00A64D0F /* CoreGraphics.framework */; };
		4F43F59D1443D3D1000ECD40 /* InfoPlist.strings in Resources */ = {isa = PBXBuildFile; fileRef = 4F43F59F1443D3D1000ECD40 /* InfoPlist.strings */; };
		4F5BBE5313FA25AC00F314E7 /* ModelViewer.xcdatamodeld in Sources */ = {isa = PBXBuildFile; fileRef = 4F5BBE5113FA25AC00F314E7 /* ModelViewer.xcdatamodeld */; };
		4FD5F3B5191061420011F37E /* Images.xcassets in Resources */ = {isa = PBXBuildFile; fileRef = 4FD5F3B4191061420011F37E /* Images.xcassets */; };
		4FD5F3F2191062AF0011F37E /* PSBaseContentController.m in Sources */ = {isa = PBXBuildFile; fileRef = 4FD5F3B9191062AF0011F37E /* PSBaseContentController.m */; };
		4FD5F3F3191062AF0011F37E /* PSContentController.m in Sources */ = {isa = PBXBuildFile; fileRef = 4FD5F3BB191062AF0011F37E /* PSContentController.m */; };
		4FD5F3F4191062AF0011F37E /* PSAttributeDetails.xib in Resources */ = {isa = PBXBuildFile; fileRef = 4FD5F3BF191062AF0011F37E /* PSAttributeDetails.xib */; };
		4FD5F3F5191062AF0011F37E /* PSAttributeDetailsController.m in Sources */ = {isa = PBXBuildFile; fileRef = 4FD5F3C1191062AF0011F37E /* PSAttributeDetailsController.m */; };
		4FD5F3F6191062AF0011F37E /* PSEntityDetails.xib in Resources */ = {isa = PBXBuildFile; fileRef = 4FD5F3C3191062AF0011F37E /* PSEntityDetails.xib */; };
		4FD5F3F7191062AF0011F37E /* PSEntityDetailsController.m in Sources */ = {isa = PBXBuildFile; fileRef = 4FD5F3C5191062AF0011F37E /* PSEntityDetailsController.m */; };
		4FD5F3F8191062AF0011F37E /* PSFetchedPropertyDetails.xib in Resources */ = {isa = PBXBuildFile; fileRef = 4FD5F3C7191062AF0011F37E /* PSFetchedPropertyDetails.xib */; };
		4FD5F3F9191062AF0011F37E /* PSFetchedPropertyDetailsController.m in Sources */ = {isa = PBXBuildFile; fileRef = 4FD5F3C9191062AF0011F37E /* PSFetchedPropertyDetailsController.m */; };
		4FD5F3FA191062AF0011F37E /* PSFetchedTemplateDetails.xib in Resources */ = {isa = PBXBuildFile; fileRef = 4FD5F3CB191062AF0011F37E /* PSFetchedTemplateDetails.xib */; };
		4FD5F3FB191062AF0011F37E /* PSFetchedTemplateDetailsController.m in Sources */ = {isa = PBXBuildFile; fileRef = 4FD5F3CD191062AF0011F37E /* PSFetchedTemplateDetailsController.m */; };
		4FD5F3FC191062AF0011F37E /* PSModelDetails.xib in Resources */ = {isa = PBXBuildFile; fileRef = 4FD5F3CF191062AF0011F37E /* PSModelDetails.xib */; };
		4FD5F3FD191062AF0011F37E /* PSModelDetailsController.m in Sources */ = {isa = PBXBuildFile; fileRef = 4FD5F3D1191062AF0011F37E /* PSModelDetailsController.m */; };
		4FD5F3FE191062AF0011F37E /* PSBaseDetailViewController.m in Sources */ = {isa = PBXBuildFile; fileRef = 4FD5F3D3191062AF0011F37E /* PSBaseDetailViewController.m */; };
		4FD5F3FF191062AF0011F37E /* PSRelationshipDetails.xib in Resources */ = {isa = PBXBuildFile; fileRef = 4FD5F3D5191062AF0011F37E /* PSRelationshipDetails.xib */; };
		4FD5F400191062AF0011F37E /* PSRelationshipDetailsController.m in Sources */ = {isa = PBXBuildFile; fileRef = 4FD5F3D7191062AF0011F37E /* PSRelationshipDetailsController.m */; };
		4FD5F401191062AF0011F37E /* PSConfigListController.m in Sources */ = {isa = PBXBuildFile; fileRef = 4FD5F3DB191062AF0011F37E /* PSConfigListController.m */; };
		4FD5F402191062AF0011F37E /* PSEntityListController.m in Sources */ = {isa = PBXBuildFile; fileRef = 4FD5F3DE191062AF0011F37E /* PSEntityListController.m */; };
		4FD5F403191062AF0011F37E /* PSFetchListController.m in Sources */ = {isa = PBXBuildFile; fileRef = 4FD5F3E1191062AF0011F37E /* PSFetchListController.m */; };
		4FD5F404191062AF0011F37E /* PSModelListController.m in Sources */ = {isa = PBXBuildFile; fileRef = 4FD5F3E4191062AF0011F37E /* PSModelListController.m */; };
		4FD5F405191062AF0011F37E /* PSBaseMasterViewController.m in Sources */ = {isa = PBXBuildFile; fileRef = 4FD5F3E6191062AF0011F37E /* PSBaseMasterViewController.m */; };
		4FD5F406191062AF0011F37E /* PSSplitViewDelegate.m in Sources */ = {isa = PBXBuildFile; fileRef = 4FD5F3E9191062AF0011F37E /* PSSplitViewDelegate.m */; };
		4FD5F407191062AF0011F37E /* PSGridScrollView.m in Sources */ = {isa = PBXBuildFile; fileRef = 4FD5F3ED191062AF0011F37E /* PSGridScrollView.m */; };
		4FD5F408191062AF0011F37E /* PSSmallItemUI.m in Sources */ = {isa = PBXBuildFile; fileRef = 4FD5F3F0191062AF0011F37E /* PSSmallItemUI.m */; };
		4FD5F409191062AF0011F37E /* PSSmallItemUI.xib in Resources */ = {isa = PBXBuildFile; fileRef = 4FD5F3F1191062AF0011F37E /* PSSmallItemUI.xib */; };
		4FD5F40C191063040011F37E /* MainWindow.xib in Resources */ = {isa = PBXBuildFile; fileRef = 4FD5F40E191063040011F37E /* MainWindow.xib */; };
		4FED8C1411E2600B00ACE4FB /* PSBaseAppDelegate.m in Sources */ = {isa = PBXBuildFile; fileRef = 4FED8C1311E2600B00ACE4FB /* PSBaseAppDelegate.m */; };
/* End PBXBuildFile section */

/* Begin PBXFileReference section */
		1D30AB110D05D00D00671497 /* Foundation.framework */ = {isa = PBXFileReference; lastKnownFileType = wrapper.framework; name = Foundation.framework; path = System/Library/Frameworks/Foundation.framework; sourceTree = SDKROOT; };
		1D6058910D05DD3D006BFB54 /* PSModelViewer.app */ = {isa = PBXFileReference; explicitFileType = wrapper.application; includeInIndex = 0; path = PSModelViewer.app; sourceTree = BUILT_PRODUCTS_DIR; };
		1DF5F4DF0D08C38300B7A737 /* UIKit.framework */ = {isa = PBXFileReference; lastKnownFileType = wrapper.framework; name = UIKit.framework; path = System/Library/Frameworks/UIKit.framework; sourceTree = SDKROOT; };
		280420C0108EA07E000629CD /* CoreData.framework */ = {isa = PBXFileReference; lastKnownFileType = wrapper.framework; name = CoreData.framework; path = System/Library/Frameworks/CoreData.framework; sourceTree = SDKROOT; };
		2892E40F0DC94CBA00A64D0F /* CoreGraphics.framework */ = {isa = PBXFileReference; lastKnownFileType = wrapper.framework; name = CoreGraphics.framework; path = System/Library/Frameworks/CoreGraphics.framework; sourceTree = SDKROOT; };
		29B97316FDCFA39411CA2CEA /* main.m */ = {isa = PBXFileReference; fileEncoding = 4; lastKnownFileType = sourcecode.c.objc; path = main.m; sourceTree = "<group>"; };
		4F10E988180B51D300D4210C /* README.md */ = {isa = PBXFileReference; lastKnownFileType = text; path = README.md; sourceTree = "<group>"; wrapsLines = 1; };
		4F43F59E1443D3D1000ECD40 /* en */ = {isa = PBXFileReference; lastKnownFileType = text.plist.strings; name = en; path = en.lproj/InfoPlist.strings; sourceTree = "<group>"; };
		4F5BBE5213FA25AC00F314E7 /* ModelViewer.xcdatamodel */ = {isa = PBXFileReference; lastKnownFileType = wrapper.xcdatamodel; path = ModelViewer.xcdatamodel; sourceTree = "<group>"; };
		4F82470A1208B9920042EE8A /* PSModelViewer_Prefix.pch */ = {isa = PBXFileReference; fileEncoding = 4; lastKnownFileType = sourcecode.c.h; path = PSModelViewer_Prefix.pch; sourceTree = "<group>"; };
		4FB34E1D14168F5100E0D1E1 /* Doxyfile */ = {isa = PBXFileReference; lastKnownFileType = text; path = Doxyfile; sourceTree = "<group>"; xcLanguageSpecificationIdentifier = xcode.lang.simpleColoring; };
		4FD5F3B4191061420011F37E /* Images.xcassets */ = {isa = PBXFileReference; lastKnownFileType = folder.assetcatalog; path = Images.xcassets; sourceTree = "<group>"; };
		4FD5F3B8191062AF0011F37E /* PSBaseContentController.h */ = {isa = PBXFileReference; fileEncoding = 4; lastKnownFileType = sourcecode.c.h; path = PSBaseContentController.h; sourceTree = "<group>"; };
		4FD5F3B9191062AF0011F37E /* PSBaseContentController.m */ = {isa = PBXFileReference; fileEncoding = 4; lastKnownFileType = sourcecode.c.objc; path = PSBaseContentController.m; sourceTree = "<group>"; };
		4FD5F3BA191062AF0011F37E /* PSContentController.h */ = {isa = PBXFileReference; fileEncoding = 4; lastKnownFileType = sourcecode.c.h; path = PSContentController.h; sourceTree = "<group>"; };
		4FD5F3BB191062AF0011F37E /* PSContentController.m */ = {isa = PBXFileReference; fileEncoding = 4; lastKnownFileType = sourcecode.c.objc; path = PSContentController.m; sourceTree = "<group>"; };
		4FD5F3BF191062AF0011F37E /* PSAttributeDetails.xib */ = {isa = PBXFileReference; fileEncoding = 4; lastKnownFileType = file.xib; path = PSAttributeDetails.xib; sourceTree = "<group>"; };
		4FD5F3C0191062AF0011F37E /* PSAttributeDetailsController.h */ = {isa = PBXFileReference; fileEncoding = 4; lastKnownFileType = sourcecode.c.h; path = PSAttributeDetailsController.h; sourceTree = "<group>"; };
		4FD5F3C1191062AF0011F37E /* PSAttributeDetailsController.m */ = {isa = PBXFileReference; fileEncoding = 4; lastKnownFileType = sourcecode.c.objc; path = PSAttributeDetailsController.m; sourceTree = "<group>"; };
		4FD5F3C3191062AF0011F37E /* PSEntityDetails.xib */ = {isa = PBXFileReference; fileEncoding = 4; lastKnownFileType = file.xib; path = PSEntityDetails.xib; sourceTree = "<group>"; };
		4FD5F3C4191062AF0011F37E /* PSEntityDetailsController.h */ = {isa = PBXFileReference; fileEncoding = 4; lastKnownFileType = sourcecode.c.h; path = PSEntityDetailsController.h; sourceTree = "<group>"; };
		4FD5F3C5191062AF0011F37E /* PSEntityDetailsController.m */ = {isa = PBXFileReference; fileEncoding = 4; lastKnownFileType = sourcecode.c.objc; path = PSEntityDetailsController.m; sourceTree = "<group>"; };
		4FD5F3C7191062AF0011F37E /* PSFetchedPropertyDetails.xib */ = {isa = PBXFileReference; fileEncoding = 4; lastKnownFileType = file.xib; path = PSFetchedPropertyDetails.xib; sourceTree = "<group>"; };
		4FD5F3C8191062AF0011F37E /* PSFetchedPropertyDetailsController.h */ = {isa = PBXFileReference; fileEncoding = 4; lastKnownFileType = sourcecode.c.h; path = PSFetchedPropertyDetailsController.h; sourceTree = "<group>"; };
		4FD5F3C9191062AF0011F37E /* PSFetchedPropertyDetailsController.m */ = {isa = PBXFileReference; fileEncoding = 4; lastKnownFileType = sourcecode.c.objc; path = PSFetchedPropertyDetailsController.m; sourceTree = "<group>"; };
		4FD5F3CB191062AF0011F37E /* PSFetchedTemplateDetails.xib */ = {isa = PBXFileReference; fileEncoding = 4; lastKnownFileType = file.xib; path = PSFetchedTemplateDetails.xib; sourceTree = "<group>"; };
		4FD5F3CC191062AF0011F37E /* PSFetchedTemplateDetailsController.h */ = {isa = PBXFileReference; fileEncoding = 4; lastKnownFileType = sourcecode.c.h; path = PSFetchedTemplateDetailsController.h; sourceTree = "<group>"; };
		4FD5F3CD191062AF0011F37E /* PSFetchedTemplateDetailsController.m */ = {isa = PBXFileReference; fileEncoding = 4; lastKnownFileType = sourcecode.c.objc; path = PSFetchedTemplateDetailsController.m; sourceTree = "<group>"; };
		4FD5F3CF191062AF0011F37E /* PSModelDetails.xib */ = {isa = PBXFileReference; fileEncoding = 4; lastKnownFileType = file.xib; path = PSModelDetails.xib; sourceTree = "<group>"; };
		4FD5F3D0191062AF0011F37E /* PSModelDetailsController.h */ = {isa = PBXFileReference; fileEncoding = 4; lastKnownFileType = sourcecode.c.h; path = PSModelDetailsController.h; sourceTree = "<group>"; };
		4FD5F3D1191062AF0011F37E /* PSModelDetailsController.m */ = {isa = PBXFileReference; fileEncoding = 4; lastKnownFileType = sourcecode.c.objc; path = PSModelDetailsController.m; sourceTree = "<group>"; };
		4FD5F3D2191062AF0011F37E /* PSBaseDetailViewController.h */ = {isa = PBXFileReference; fileEncoding = 4; lastKnownFileType = sourcecode.c.h; path = PSBaseDetailViewController.h; sourceTree = "<group>"; };
		4FD5F3D3191062AF0011F37E /* PSBaseDetailViewController.m */ = {isa = PBXFileReference; fileEncoding = 4; lastKnownFileType = sourcecode.c.objc; path = PSBaseDetailViewController.m; sourceTree = "<group>"; };
		4FD5F3D5191062AF0011F37E /* PSRelationshipDetails.xib */ = {isa = PBXFileReference; fileEncoding = 4; lastKnownFileType = file.xib; path = PSRelationshipDetails.xib; sourceTree = "<group>"; };
		4FD5F3D6191062AF0011F37E /* PSRelationshipDetailsController.h */ = {isa = PBXFileReference; fileEncoding = 4; lastKnownFileType = sourcecode.c.h; path = PSRelationshipDetailsController.h; sourceTree = "<group>"; };
		4FD5F3D7191062AF0011F37E /* PSRelationshipDetailsController.m */ = {isa = PBXFileReference; fileEncoding = 4; lastKnownFileType = sourcecode.c.objc; path = PSRelationshipDetailsController.m; sourceTree = "<group>"; };
		4FD5F3DA191062AF0011F37E /* PSConfigListController.h */ = {isa = PBXFileReference; fileEncoding = 4; lastKnownFileType = sourcecode.c.h; path = PSConfigListController.h; sourceTree = "<group>"; };
		4FD5F3DB191062AF0011F37E /* PSConfigListController.m */ = {isa = PBXFileReference; fileEncoding = 4; lastKnownFileType = sourcecode.c.objc; path = PSConfigListController.m; sourceTree = "<group>"; };
		4FD5F3DD191062AF0011F37E /* PSEntityListController.h */ = {isa = PBXFileReference; fileEncoding = 4; lastKnownFileType = sourcecode.c.h; path = PSEntityListController.h; sourceTree = "<group>"; };
		4FD5F3DE191062AF0011F37E /* PSEntityListController.m */ = {isa = PBXFileReference; fileEncoding = 4; lastKnownFileType = sourcecode.c.objc; path = PSEntityListController.m; sourceTree = "<group>"; };
		4FD5F3E0191062AF0011F37E /* PSFetchListController.h */ = {isa = PBXFileReference; fileEncoding = 4; lastKnownFileType = sourcecode.c.h; path = PSFetchListController.h; sourceTree = "<group>"; };
		4FD5F3E1191062AF0011F37E /* PSFetchListController.m */ = {isa = PBXFileReference; fileEncoding = 4; lastKnownFileType = sourcecode.c.objc; path = PSFetchListController.m; sourceTree = "<group>"; };
		4FD5F3E3191062AF0011F37E /* PSModelListController.h */ = {isa = PBXFileReference; fileEncoding = 4; lastKnownFileType = sourcecode.c.h; path = PSModelListController.h; sourceTree = "<group>"; };
		4FD5F3E4191062AF0011F37E /* PSModelListController.m */ = {isa = PBXFileReference; fileEncoding = 4; lastKnownFileType = sourcecode.c.objc; path = PSModelListController.m; sourceTree = "<group>"; };
		4FD5F3E5191062AF0011F37E /* PSBaseMasterViewController.h */ = {isa = PBXFileReference; fileEncoding = 4; lastKnownFileType = sourcecode.c.h; path = PSBaseMasterViewController.h; sourceTree = "<group>"; };
		4FD5F3E6191062AF0011F37E /* PSBaseMasterViewController.m */ = {isa = PBXFileReference; fileEncoding = 4; lastKnownFileType = sourcecode.c.objc; path = PSBaseMasterViewController.m; sourceTree = "<group>"; };
		4FD5F3E8191062AF0011F37E /* PSSplitViewDelegate.h */ = {isa = PBXFileReference; fileEncoding = 4; lastKnownFileType = sourcecode.c.h; path = PSSplitViewDelegate.h; sourceTree = "<group>"; };
		4FD5F3E9191062AF0011F37E /* PSSplitViewDelegate.m */ = {isa = PBXFileReference; fileEncoding = 4; lastKnownFileType = sourcecode.c.objc; path = PSSplitViewDelegate.m; sourceTree = "<group>"; };
		4FD5F3EC191062AF0011F37E /* PSGridScrollView.h */ = {isa = PBXFileReference; fileEncoding = 4; lastKnownFileType = sourcecode.c.h; path = PSGridScrollView.h; sourceTree = "<group>"; };
		4FD5F3ED191062AF0011F37E /* PSGridScrollView.m */ = {isa = PBXFileReference; fileEncoding = 4; lastKnownFileType = sourcecode.c.objc; path = PSGridScrollView.m; sourceTree = "<group>"; };
		4FD5F3EF191062AF0011F37E /* PSSmallItemUI.h */ = {isa = PBXFileReference; fileEncoding = 4; lastKnownFileType = sourcecode.c.h; path = PSSmallItemUI.h; sourceTree = "<group>"; };
		4FD5F3F0191062AF0011F37E /* PSSmallItemUI.m */ = {isa = PBXFileReference; fileEncoding = 4; lastKnownFileType = sourcecode.c.objc; path = PSSmallItemUI.m; sourceTree = "<group>"; };
		4FD5F3F1191062AF0011F37E /* PSSmallItemUI.xib */ = {isa = PBXFileReference; fileEncoding = 4; lastKnownFileType = file.xib; path = PSSmallItemUI.xib; sourceTree = "<group>"; };
		4FD5F40D191063040011F37E /* en */ = {isa = PBXFileReference; lastKnownFileType = file.xib; name = en; path = en.lproj/MainWindow.xib; sourceTree = "<group>"; };
		4FED8C0A11E25F6200ACE4FB /* PSDetailViewProtocols.h */ = {isa = PBXFileReference; fileEncoding = 4; lastKnownFileType = sourcecode.c.h; path = PSDetailViewProtocols.h; sourceTree = "<group>"; };
		4FED8C1211E2600B00ACE4FB /* PSBaseAppDelegate.h */ = {isa = PBXFileReference; fileEncoding = 4; lastKnownFileType = sourcecode.c.h; path = PSBaseAppDelegate.h; sourceTree = "<group>"; };
		4FED8C1311E2600B00ACE4FB /* PSBaseAppDelegate.m */ = {isa = PBXFileReference; fileEncoding = 4; lastKnownFileType = sourcecode.c.objc; path = PSBaseAppDelegate.m; sourceTree = "<group>"; };
		4FED8C1F11E2614B00ACE4FB /* PSCoreDataProtocols.h */ = {isa = PBXFileReference; fileEncoding = 4; lastKnownFileType = sourcecode.c.h; path = PSCoreDataProtocols.h; sourceTree = "<group>"; };
		8D1107310486CEB800E47090 /* PSModelViewer-Info.plist */ = {isa = PBXFileReference; fileEncoding = 4; lastKnownFileType = text.plist.xml; path = "PSModelViewer-Info.plist"; plistStructureDefinitionIdentifier = "com.apple.xcode.plist.structure-definition.iphone.info-plist"; sourceTree = "<group>"; };
/* End PBXFileReference section */

/* Begin PBXFrameworksBuildPhase section */
		1D60588F0D05DD3D006BFB54 /* Frameworks */ = {
			isa = PBXFrameworksBuildPhase;
			buildActionMask = 2147483647;
			files = (
				1D60589F0D05DD5A006BFB54 /* Foundation.framework in Frameworks */,
				1DF5F4E00D08C38300B7A737 /* UIKit.framework in Frameworks */,
				2892E4100DC94CBA00A64D0F /* CoreGraphics.framework in Frameworks */,
				280420C1108EA07E000629CD /* CoreData.framework in Frameworks */,
			);
			runOnlyForDeploymentPostprocessing = 0;
		};
/* End PBXFrameworksBuildPhase section */

/* Begin PBXGroup section */
		19C28FACFE9D520D11CA2CBB /* Products */ = {
			isa = PBXGroup;
			children = (
				1D6058910D05DD3D006BFB54 /* PSModelViewer.app */,
			);
			name = Products;
			sourceTree = "<group>";
		};
		29B97314FDCFA39411CA2CEA /* CustomTemplate */ = {
			isa = PBXGroup;
			children = (
				4FB34E1D14168F5100E0D1E1 /* Doxyfile */,
				4F10E988180B51D300D4210C /* README.md */,
				4FD5F3B219105CA20011F37E /* Application */,
				29B97323FDCFA39411CA2CEA /* Frameworks */,
				19C28FACFE9D520D11CA2CBB /* Products */,
			);
			name = CustomTemplate;
			sourceTree = "<group>";
		};
		29B97317FDCFA39411CA2CEA /* Resources */ = {
			isa = PBXGroup;
			children = (
				4FD5F3B4191061420011F37E /* Images.xcassets */,
				4FD5F40E191063040011F37E /* MainWindow.xib */,
				4F43F59F1443D3D1000ECD40 /* InfoPlist.strings */,
			);
			path = Resources;
			sourceTree = "<group>";
		};
		29B97323FDCFA39411CA2CEA /* Frameworks */ = {
			isa = PBXGroup;
			children = (
				1DF5F4DF0D08C38300B7A737 /* UIKit.framework */,
				1D30AB110D05D00D00671497 /* Foundation.framework */,
				2892E40F0DC94CBA00A64D0F /* CoreGraphics.framework */,
				280420C0108EA07E000629CD /* CoreData.framework */,
			);
			name = Frameworks;
			sourceTree = "<group>";
		};
		4FD5039F1443CA3A0094025B /* Model */ = {
			isa = PBXGroup;
			children = (
				4F5BBE5113FA25AC00F314E7 /* ModelViewer.xcdatamodeld */,
			);
			path = Model;
			sourceTree = "<group>";
		};
		4FD5F3B219105CA20011F37E /* Application */ = {
			isa = PBXGroup;
			children = (
				4FED8BAC11E25A6F00ACE4FB /* AppDelegate */,
				4FD5F3B6191062AF0011F37E /* Interface */,
				4FD5039F1443CA3A0094025B /* Model */,
				29B97317FDCFA39411CA2CEA /* Resources */,
				4FD5F3B319105D500011F37E /* Target */,
			);
			path = Application;
			sourceTree = "<group>";
		};
		4FD5F3B319105D500011F37E /* Target */ = {
			isa = PBXGroup;
			children = (
				29B97316FDCFA39411CA2CEA /* main.m */,
				4F82470A1208B9920042EE8A /* PSModelViewer_Prefix.pch */,
				8D1107310486CEB800E47090 /* PSModelViewer-Info.plist */,
			);
			path = Target;
			sourceTree = "<group>";
		};
		4FD5F3B6191062AF0011F37E /* Interface */ = {
			isa = PBXGroup;
			children = (
				4FED8BCC11E25D9900ACE4FB /* Protocols */,
				4FD5F3E7191062AF0011F37E /* SplitView */,
				4FD5F3B7191062AF0011F37E /* Content */,
				4FD5F3BC191062AF0011F37E /* Display */,
				4FD5F3EA191062AF0011F37E /* Views */,
			);
			path = Interface;
			sourceTree = "<group>";
		};
		4FD5F3B7191062AF0011F37E /* Content */ = {
			isa = PBXGroup;
			children = (
				4FD5F3B8191062AF0011F37E /* PSBaseContentController.h */,
				4FD5F3B9191062AF0011F37E /* PSBaseContentController.m */,
				4FD5F3BA191062AF0011F37E /* PSContentController.h */,
				4FD5F3BB191062AF0011F37E /* PSContentController.m */,
			);
			path = Content;
			sourceTree = "<group>";
		};
		4FD5F3BC191062AF0011F37E /* Display */ = {
			isa = PBXGroup;
			children = (
				4FD5F3BD191062AF0011F37E /* Detail */,
				4FD5F3D8191062AF0011F37E /* Master */,
			);
			path = Display;
			sourceTree = "<group>";
		};
		4FD5F3BD191062AF0011F37E /* Detail */ = {
			isa = PBXGroup;
			children = (
				4FD5F3BE191062AF0011F37E /* Attribute */,
				4FD5F3C2191062AF0011F37E /* Entity */,
				4FD5F3C6191062AF0011F37E /* Fetched Property */,
				4FD5F3CA191062AF0011F37E /* Fetched Template */,
				4FD5F3CE191062AF0011F37E /* Model */,
				4FD5F3D4191062AF0011F37E /* Relationship */,
				4FD5F3D2191062AF0011F37E /* PSBaseDetailViewController.h */,
				4FD5F3D3191062AF0011F37E /* PSBaseDetailViewController.m */,
			);
			path = Detail;
			sourceTree = "<group>";
		};
		4FD5F3BE191062AF0011F37E /* Attribute */ = {
			isa = PBXGroup;
			children = (
				4FD5F3BF191062AF0011F37E /* PSAttributeDetails.xib */,
				4FD5F3C0191062AF0011F37E /* PSAttributeDetailsController.h */,
				4FD5F3C1191062AF0011F37E /* PSAttributeDetailsController.m */,
			);
			path = Attribute;
			sourceTree = "<group>";
		};
		4FD5F3C2191062AF0011F37E /* Entity */ = {
			isa = PBXGroup;
			children = (
				4FD5F3C3191062AF0011F37E /* PSEntityDetails.xib */,
				4FD5F3C4191062AF0011F37E /* PSEntityDetailsController.h */,
				4FD5F3C5191062AF0011F37E /* PSEntityDetailsController.m */,
			);
			path = Entity;
			sourceTree = "<group>";
		};
		4FD5F3C6191062AF0011F37E /* Fetched Property */ = {
			isa = PBXGroup;
			children = (
				4FD5F3C7191062AF0011F37E /* PSFetchedPropertyDetails.xib */,
				4FD5F3C8191062AF0011F37E /* PSFetchedPropertyDetailsController.h */,
				4FD5F3C9191062AF0011F37E /* PSFetchedPropertyDetailsController.m */,
			);
			path = "Fetched Property";
			sourceTree = "<group>";
		};
		4FD5F3CA191062AF0011F37E /* Fetched Template */ = {
			isa = PBXGroup;
			children = (
				4FD5F3CB191062AF0011F37E /* PSFetchedTemplateDetails.xib */,
				4FD5F3CC191062AF0011F37E /* PSFetchedTemplateDetailsController.h */,
				4FD5F3CD191062AF0011F37E /* PSFetchedTemplateDetailsController.m */,
			);
			path = "Fetched Template";
			sourceTree = "<group>";
		};
		4FD5F3CE191062AF0011F37E /* Model */ = {
			isa = PBXGroup;
			children = (
				4FD5F3CF191062AF0011F37E /* PSModelDetails.xib */,
				4FD5F3D0191062AF0011F37E /* PSModelDetailsController.h */,
				4FD5F3D1191062AF0011F37E /* PSModelDetailsController.m */,
			);
			path = Model;
			sourceTree = "<group>";
		};
		4FD5F3D4191062AF0011F37E /* Relationship */ = {
			isa = PBXGroup;
			children = (
				4FD5F3D5191062AF0011F37E /* PSRelationshipDetails.xib */,
				4FD5F3D6191062AF0011F37E /* PSRelationshipDetailsController.h */,
				4FD5F3D7191062AF0011F37E /* PSRelationshipDetailsController.m */,
			);
			path = Relationship;
			sourceTree = "<group>";
		};
		4FD5F3D8191062AF0011F37E /* Master */ = {
			isa = PBXGroup;
			children = (
				4FD5F3D9191062AF0011F37E /* Config */,
				4FD5F3DC191062AF0011F37E /* Entity */,
				4FD5F3DF191062AF0011F37E /* Fetch */,
				4FD5F3E2191062AF0011F37E /* Model */,
				4FD5F3E5191062AF0011F37E /* PSBaseMasterViewController.h */,
				4FD5F3E6191062AF0011F37E /* PSBaseMasterViewController.m */,
			);
			path = Master;
			sourceTree = "<group>";
		};
		4FD5F3D9191062AF0011F37E /* Config */ = {
			isa = PBXGroup;
			children = (
				4FD5F3DA191062AF0011F37E /* PSConfigListController.h */,
				4FD5F3DB191062AF0011F37E /* PSConfigListController.m */,
			);
			path = Config;
			sourceTree = "<group>";
		};
		4FD5F3DC191062AF0011F37E /* Entity */ = {
			isa = PBXGroup;
			children = (
				4FD5F3DD191062AF0011F37E /* PSEntityListController.h */,
				4FD5F3DE191062AF0011F37E /* PSEntityListController.m */,
			);
			path = Entity;
			sourceTree = "<group>";
		};
		4FD5F3DF191062AF0011F37E /* Fetch */ = {
			isa = PBXGroup;
			children = (
				4FD5F3E0191062AF0011F37E /* PSFetchListController.h */,
				4FD5F3E1191062AF0011F37E /* PSFetchListController.m */,
			);
			path = Fetch;
			sourceTree = "<group>";
		};
		4FD5F3E2191062AF0011F37E /* Model */ = {
			isa = PBXGroup;
			children = (
				4FD5F3E3191062AF0011F37E /* PSModelListController.h */,
				4FD5F3E4191062AF0011F37E /* PSModelListController.m */,
			);
			path = Model;
			sourceTree = "<group>";
		};
		4FD5F3E7191062AF0011F37E /* SplitView */ = {
			isa = PBXGroup;
			children = (
				4FD5F3E8191062AF0011F37E /* PSSplitViewDelegate.h */,
				4FD5F3E9191062AF0011F37E /* PSSplitViewDelegate.m */,
			);
			path = SplitView;
			sourceTree = "<group>";
		};
		4FD5F3EA191062AF0011F37E /* Views */ = {
			isa = PBXGroup;
			children = (
				4FD5F3EB191062AF0011F37E /* GridScrollView */,
				4FD5F3EE191062AF0011F37E /* SmItemControl */,
			);
			path = Views;
			sourceTree = "<group>";
		};
		4FD5F3EB191062AF0011F37E /* GridScrollView */ = {
			isa = PBXGroup;
			children = (
				4FD5F3EC191062AF0011F37E /* PSGridScrollView.h */,
				4FD5F3ED191062AF0011F37E /* PSGridScrollView.m */,
			);
			path = GridScrollView;
			sourceTree = "<group>";
		};
		4FD5F3EE191062AF0011F37E /* SmItemControl */ = {
			isa = PBXGroup;
			children = (
				4FD5F3EF191062AF0011F37E /* PSSmallItemUI.h */,
				4FD5F3F0191062AF0011F37E /* PSSmallItemUI.m */,
				4FD5F3F1191062AF0011F37E /* PSSmallItemUI.xib */,
			);
			path = SmItemControl;
			sourceTree = "<group>";
		};
		4FED8BAC11E25A6F00ACE4FB /* AppDelegate */ = {
			isa = PBXGroup;
			children = (
				4FED8C1211E2600B00ACE4FB /* PSBaseAppDelegate.h */,
				4FED8C1311E2600B00ACE4FB /* PSBaseAppDelegate.m */,
			);
			path = AppDelegate;
			sourceTree = "<group>";
		};
		4FED8BCC11E25D9900ACE4FB /* Protocols */ = {
			isa = PBXGroup;
			children = (
				4FED8C0A11E25F6200ACE4FB /* PSDetailViewProtocols.h */,
				4FED8C1F11E2614B00ACE4FB /* PSCoreDataProtocols.h */,
			);
			path = Protocols;
			sourceTree = "<group>";
		};
/* End PBXGroup section */

/* Begin PBXLegacyTarget section */
		4FB34E1E141691A000E0D1E1 /* Documentation */ = {
			isa = PBXLegacyTarget;
			buildArgumentsString = "";
			buildConfigurationList = 4FB34E1F141691A000E0D1E1 /* Build configuration list for PBXLegacyTarget "Documentation" */;
			buildPhases = (
			);
			buildToolPath = /usr/local/bin/doxygen;
			buildWorkingDirectory = "";
			dependencies = (
			);
			name = Documentation;
			passBuildSettingsInEnvironment = 1;
			productName = Documentation;
		};
/* End PBXLegacyTarget section */

/* Begin PBXNativeTarget section */
		1D6058900D05DD3D006BFB54 /* PSModelViewer */ = {
			isa = PBXNativeTarget;
			buildConfigurationList = 1D6058960D05DD3E006BFB54 /* Build configuration list for PBXNativeTarget "PSModelViewer" */;
			buildPhases = (
				1D60588D0D05DD3D006BFB54 /* Resources */,
				1D60588E0D05DD3D006BFB54 /* Sources */,
				1D60588F0D05DD3D006BFB54 /* Frameworks */,
			);
			buildRules = (
			);
			dependencies = (
			);
			name = PSModelViewer;
			productName = ModelViewer;
			productReference = 1D6058910D05DD3D006BFB54 /* PSModelViewer.app */;
			productType = "com.apple.product-type.application";
		};
/* End PBXNativeTarget section */

/* Begin PBXProject section */
		29B97313FDCFA39411CA2CEA /* Project object */ = {
			isa = PBXProject;
			attributes = {
				LastUpgradeCheck = 0700;
			};
			buildConfigurationList = C01FCF4E08A954540054247B /* Build configuration list for PBXProject "PSModelViewer" */;
			compatibilityVersion = "Xcode 3.2";
			developmentRegion = English;
			hasScannedForEncodings = 1;
			knownRegions = (
				English,
				Japanese,
				French,
				German,
				en,
			);
			mainGroup = 29B97314FDCFA39411CA2CEA /* CustomTemplate */;
			projectDirPath = "";
			projectRoot = "";
			targets = (
				1D6058900D05DD3D006BFB54 /* PSModelViewer */,
				4FB34E1E141691A000E0D1E1 /* Documentation */,
			);
		};
/* End PBXProject section */

/* Begin PBXResourcesBuildPhase section */
		1D60588D0D05DD3D006BFB54 /* Resources */ = {
			isa = PBXResourcesBuildPhase;
			buildActionMask = 2147483647;
			files = (
				4FD5F3F4191062AF0011F37E /* PSAttributeDetails.xib in Resources */,
				4FD5F409191062AF0011F37E /* PSSmallItemUI.xib in Resources */,
				4FD5F3B5191061420011F37E /* Images.xcassets in Resources */,
				4FD5F3FC191062AF0011F37E /* PSModelDetails.xib in Resources */,
				4FD5F3F8191062AF0011F37E /* PSFetchedPropertyDetails.xib in Resources */,
				4FD5F3F6191062AF0011F37E /* PSEntityDetails.xib in Resources */,
				4FD5F40C191063040011F37E /* MainWindow.xib in Resources */,
				4FD5F3FF191062AF0011F37E /* PSRelationshipDetails.xib in Resources */,
				4F43F59D1443D3D1000ECD40 /* InfoPlist.strings in Resources */,
				4FD5F3FA191062AF0011F37E /* PSFetchedTemplateDetails.xib in Resources */,
			);
			runOnlyForDeploymentPostprocessing = 0;
		};
/* End PBXResourcesBuildPhase section */

/* Begin PBXSourcesBuildPhase section */
		1D60588E0D05DD3D006BFB54 /* Sources */ = {
			isa = PBXSourcesBuildPhase;
			buildActionMask = 2147483647;
			files = (
				4FD5F403191062AF0011F37E /* PSFetchListController.m in Sources */,
				4FD5F405191062AF0011F37E /* PSBaseMasterViewController.m in Sources */,
				4FD5F3F5191062AF0011F37E /* PSAttributeDetailsController.m in Sources */,
				4FD5F400191062AF0011F37E /* PSRelationshipDetailsController.m in Sources */,
				1D60589B0D05DD56006BFB54 /* main.m in Sources */,
				4FD5F3F2191062AF0011F37E /* PSBaseContentController.m in Sources */,
				4FD5F407191062AF0011F37E /* PSGridScrollView.m in Sources */,
				4FD5F3FD191062AF0011F37E /* PSModelDetailsController.m in Sources */,
				4FD5F406191062AF0011F37E /* PSSplitViewDelegate.m in Sources */,
				4FD5F404191062AF0011F37E /* PSModelListController.m in Sources */,
				4FED8C1411E2600B00ACE4FB /* PSBaseAppDelegate.m in Sources */,
				4FD5F3F9191062AF0011F37E /* PSFetchedPropertyDetailsController.m in Sources */,
				4FD5F3F7191062AF0011F37E /* PSEntityDetailsController.m in Sources */,
				4FD5F3F3191062AF0011F37E /* PSContentController.m in Sources */,
				4FD5F402191062AF0011F37E /* PSEntityListController.m in Sources */,
				4FD5F408191062AF0011F37E /* PSSmallItemUI.m in Sources */,
				4FD5F3FB191062AF0011F37E /* PSFetchedTemplateDetailsController.m in Sources */,
				4F5BBE5313FA25AC00F314E7 /* ModelViewer.xcdatamodeld in Sources */,
				4FD5F401191062AF0011F37E /* PSConfigListController.m in Sources */,
				4FD5F3FE191062AF0011F37E /* PSBaseDetailViewController.m in Sources */,
			);
			runOnlyForDeploymentPostprocessing = 0;
		};
/* End PBXSourcesBuildPhase section */

/* Begin PBXVariantGroup section */
		4F43F59F1443D3D1000ECD40 /* InfoPlist.strings */ = {
			isa = PBXVariantGroup;
			children = (
				4F43F59E1443D3D1000ECD40 /* en */,
			);
			name = InfoPlist.strings;
			sourceTree = "<group>";
		};
		4FD5F40E191063040011F37E /* MainWindow.xib */ = {
			isa = PBXVariantGroup;
			children = (
				4FD5F40D191063040011F37E /* en */,
			);
			name = MainWindow.xib;
			path = Application/Resources;
			sourceTree = SOURCE_ROOT;
		};
/* End PBXVariantGroup section */

/* Begin XCBuildConfiguration section */
		1D6058940D05DD3E006BFB54 /* Debug */ = {
			isa = XCBuildConfiguration;
			buildSettings = {
				ASSETCATALOG_COMPILER_APPICON_NAME = AppIcon;
				ASSETCATALOG_COMPILER_LAUNCHIMAGE_NAME = LaunchImage;
				CLANG_ENABLE_OBJC_ARC = YES;
				CODE_SIGN_IDENTITY = "iPhone Developer";
				COPY_PHASE_STRIP = NO;
				GCC_OPTIMIZATION_LEVEL = 0;
				GCC_PRECOMPILE_PREFIX_HEADER = YES;
				GCC_PREFIX_HEADER = "$(SRCROOT)/Application/Target/PSModelViewer_Prefix.pch";
				GCC_WARN_UNUSED_FUNCTION = YES;
				GCC_WARN_UNUSED_PARAMETER = NO;
				INFOPLIST_FILE = "$(SRCROOT)/Application/Target/PSModelViewer-Info.plist";
				PRODUCT_BUNDLE_IDENTIFIER = "com.prestonsoft.${PRODUCT_NAME:rfc1034identifier}";
				PRODUCT_NAME = PSModelViewer;
			};
			name = Debug;
		};
		4FB34E20141691A000E0D1E1 /* Debug */ = {
			isa = XCBuildConfiguration;
			buildSettings = {
				DEBUGGING_SYMBOLS = YES;
				GCC_OPTIMIZATION_LEVEL = 0;
				PRODUCT_NAME = "$(TARGET_NAME)";
			};
			name = Debug;
		};
		4FB34E21141691A000E0D1E1 /* Release */ = {
			isa = XCBuildConfiguration;
			buildSettings = {
				PRODUCT_NAME = "$(TARGET_NAME)";
			};
			name = Release;
		};
		4FB34E22141691A000E0D1E1 /* Ad Hoc Distribution */ = {
			isa = XCBuildConfiguration;
			buildSettings = {
				PRODUCT_NAME = "$(TARGET_NAME)";
			};
			name = "Ad Hoc Distribution";
		};
		4FD6D98F11E9306500B086FA /* Release */ = {
			isa = XCBuildConfiguration;
			buildSettings = {
				CLANG_ENABLE_MODULES = YES;
				CLANG_ENABLE_OBJC_ARC = YES;
				CLANG_WARN_BOOL_CONVERSION = YES;
				CLANG_WARN_CONSTANT_CONVERSION = YES;
				CLANG_WARN_DIRECT_OBJC_ISA_USAGE = YES_ERROR;
				CLANG_WARN_EMPTY_BODY = YES;
				CLANG_WARN_ENUM_CONVERSION = YES;
				CLANG_WARN_INT_CONVERSION = YES;
				CLANG_WARN_OBJC_ROOT_CLASS = YES_ERROR;
				CLANG_WARN__DUPLICATE_METHOD_MATCH = YES;
				CODE_SIGN_IDENTITY = "iPhone Developer";
				GCC_WARN_ABOUT_MISSING_PROTOTYPES = YES;
				GCC_WARN_ABOUT_RETURN_TYPE = YES_ERROR;
				GCC_WARN_UNDECLARED_SELECTOR = YES;
				GCC_WARN_UNINITIALIZED_AUTOS = YES_AGGRESSIVE;
				GCC_WARN_UNUSED_FUNCTION = YES;
				GCC_WARN_UNUSED_VARIABLE = YES;
				OTHER_CFLAGS = "-DNS_BLOCK_ASSERTIONS=1";
				SDKROOT = iphoneos;
				TARGETED_DEVICE_FAMILY = 2;
			};
			name = Release;
		};
		4FD6D99011E9306500B086FA /* Release */ = {
			isa = XCBuildConfiguration;
			buildSettings = {
				ASSETCATALOG_COMPILER_APPICON_NAME = AppIcon;
				ASSETCATALOG_COMPILER_LAUNCHIMAGE_NAME = LaunchImage;
				CLANG_ENABLE_OBJC_ARC = YES;
				CODE_SIGN_IDENTITY = "iPhone Developer";
				COPY_PHASE_STRIP = YES;
				GCC_PRECOMPILE_PREFIX_HEADER = YES;
				GCC_PREFIX_HEADER = "$(SRCROOT)/Application/Target/PSModelViewer_Prefix.pch";
				GCC_WARN_UNUSED_FUNCTION = YES;
				GCC_WARN_UNUSED_PARAMETER = NO;
				INFOPLIST_FILE = "$(SRCROOT)/Application/Target/PSModelViewer-Info.plist";
				PRODUCT_BUNDLE_IDENTIFIER = "com.prestonsoft.${PRODUCT_NAME:rfc1034identifier}";
				PRODUCT_NAME = PSModelViewer;
				VALIDATE_PRODUCT = YES;
			};
			name = Release;
		};
		4FF9D93011E81ABC007BCD21 /* Ad Hoc Distribution */ = {
			isa = XCBuildConfiguration;
			buildSettings = {
				CLANG_ENABLE_MODULES = YES;
				CLANG_ENABLE_OBJC_ARC = YES;
				CLANG_WARN_BOOL_CONVERSION = YES;
				CLANG_WARN_CONSTANT_CONVERSION = YES;
				CLANG_WARN_DIRECT_OBJC_ISA_USAGE = YES_ERROR;
				CLANG_WARN_EMPTY_BODY = YES;
				CLANG_WARN_ENUM_CONVERSION = YES;
				CLANG_WARN_INT_CONVERSION = YES;
				CLANG_WARN_OBJC_ROOT_CLASS = YES_ERROR;
				CLANG_WARN__DUPLICATE_METHOD_MATCH = YES;
				CODE_SIGN_IDENTITY = "iPhone Developer";
				GCC_WARN_ABOUT_MISSING_PROTOTYPES = YES;
				GCC_WARN_ABOUT_RETURN_TYPE = YES_ERROR;
				GCC_WARN_UNDECLARED_SELECTOR = YES;
				GCC_WARN_UNINITIALIZED_AUTOS = YES_AGGRESSIVE;
				GCC_WARN_UNUSED_FUNCTION = YES;
				GCC_WARN_UNUSED_VARIABLE = YES;
				OTHER_CFLAGS = "-DNS_BLOCK_ASSERTIONS=1";
				SDKROOT = iphoneos;
				TARGETED_DEVICE_FAMILY = 2;
			};
			name = "Ad Hoc Distribution";
		};
		4FF9D93111E81ABC007BCD21 /* Ad Hoc Distribution */ = {
			isa = XCBuildConfiguration;
			buildSettings = {
				ASSETCATALOG_COMPILER_APPICON_NAME = AppIcon;
				ASSETCATALOG_COMPILER_LAUNCHIMAGE_NAME = LaunchImage;
				CLANG_ENABLE_OBJC_ARC = YES;
				CODE_SIGN_IDENTITY = "iPhone Developer";
				COPY_PHASE_STRIP = YES;
				GCC_PRECOMPILE_PREFIX_HEADER = YES;
				GCC_PREFIX_HEADER = "$(SRCROOT)/Application/Target/PSModelViewer_Prefix.pch";
				GCC_WARN_UNUSED_FUNCTION = YES;
				GCC_WARN_UNUSED_PARAMETER = NO;
				INFOPLIST_FILE = "$(SRCROOT)/Application/Target/PSModelViewer-Info.plist";
				PRODUCT_BUNDLE_IDENTIFIER = "com.prestonsoft.${PRODUCT_NAME:rfc1034identifier}";
				PRODUCT_NAME = PSModelViewer;
				VALIDATE_PRODUCT = YES;
			};
			name = "Ad Hoc Distribution";
		};
		C01FCF4F08A954540054247B /* Debug */ = {
			isa = XCBuildConfiguration;
			buildSettings = {
				CLANG_ENABLE_MODULES = YES;
				CLANG_ENABLE_OBJC_ARC = YES;
				CLANG_WARN_BOOL_CONVERSION = YES;
				CLANG_WARN_CONSTANT_CONVERSION = YES;
				CLANG_WARN_DIRECT_OBJC_ISA_USAGE = YES_ERROR;
				CLANG_WARN_EMPTY_BODY = YES;
				CLANG_WARN_ENUM_CONVERSION = YES;
				CLANG_WARN_INT_CONVERSION = YES;
				CLANG_WARN_OBJC_ROOT_CLASS = YES_ERROR;
				CLANG_WARN__DUPLICATE_METHOD_MATCH = YES;
				CODE_SIGN_IDENTITY = "iPhone Developer";
				ENABLE_TESTABILITY = YES;
				GCC_WARN_ABOUT_MISSING_PROTOTYPES = YES;
				GCC_WARN_ABOUT_RETURN_TYPE = YES_ERROR;
				GCC_WARN_UNDECLARED_SELECTOR = YES;
				GCC_WARN_UNINITIALIZED_AUTOS = YES_AGGRESSIVE;
				GCC_WARN_UNUSED_FUNCTION = YES;
				GCC_WARN_UNUSED_VARIABLE = YES;
				ONLY_ACTIVE_ARCH = YES;
				SDKROOT = iphoneos;
				TARGETED_DEVICE_FAMILY = 2;
			};
			name = Debug;
		};
/* End XCBuildConfiguration section */

/* Begin XCConfigurationList section */
		1D6058960D05DD3E006BFB54 /* Build configuration list for PBXNativeTarget "PSModelViewer" */ = {
			isa = XCConfigurationList;
			buildConfigurations = (
				1D6058940D05DD3E006BFB54 /* Debug */,
				4FD6D99011E9306500B086FA /* Release */,
				4FF9D93111E81ABC007BCD21 /* Ad Hoc Distribution */,
			);
			defaultConfigurationIsVisible = 0;
			defaultConfigurationName = Release;
		};
		4FB34E1F141691A000E0D1E1 /* Build configuration list for PBXLegacyTarget "Documentation" */ = {
			isa = XCConfigurationList;
			buildConfigurations = (
				4FB34E20141691A000E0D1E1 /* Debug */,
				4FB34E21141691A000E0D1E1 /* Release */,
				4FB34E22141691A000E0D1E1 /* Ad Hoc Distribution */,
			);
			defaultConfigurationIsVisible = 0;
			defaultConfigurationName = Release;
		};
		C01FCF4E08A954540054247B /* Build configuration list for PBXProject "PSModelViewer" */ = {
			isa = XCConfigurationList;
			buildConfigurations = (
				C01FCF4F08A954540054247B /* Debug */,
				4FD6D98F11E9306500B086FA /* Release */,
				4FF9D93011E81ABC007BCD21 /* Ad Hoc Distribution */,
			);
			defaultConfigurationIsVisible = 0;
			defaultConfigurationName = Release;
		};
/* End XCConfigurationList section */

/* Begin XCVersionGroup section */
		4F5BBE5113FA25AC00F314E7 /* ModelViewer.xcdatamodeld */ = {
			isa = XCVersionGroup;
			children = (
				4F5BBE5213FA25AC00F314E7 /* ModelViewer.xcdatamodel */,
			);
			currentVersion = 4F5BBE5213FA25AC00F314E7 /* ModelViewer.xcdatamodel */;
			path = ModelViewer.xcdatamodeld;
			sourceTree = "<group>";
			versionGroupType = wrapper.xcdatamodel;
		};
/* End XCVersionGroup section */
	};
	rootObject = 29B97313FDCFA39411CA2CEA /* Project object */;
}
